
Microsoft Visual Studio Solution File, Format Version 12.00
# Visual Studio Version 17
VisualStudioVersion = 17.0.31903.59
MinimumVisualStudioVersion = 10.0.40219.1
Project("{FAE04EC0-301F-11D3-BF4B-00C04F79EFBC}") = "Q2Connect.Core", "Q2Connect.Core\Q2Connect.Core.csproj", "{A1B2C3D4-E5F6-4A5B-8C9D-0E1F2A3B4C5D}"
EndProject
Project("{FAE04EC0-301F-11D3-BF4B-00C04F79EFBC}") = "Q2Connect.Wpf", "Q2Connect.Wpf\Q2Connect.Wpf.csproj", "{B2C3D4E5-F6A7-4B5C-9D0E-1F2A3B4C5D6E}"
EndProject
Project("{2150E333-8FDC-42A3-9474-1A3956D46DE8}") = "Q2Connect.Wpf", "Q2Connect.Wpf", "{F571D2C1-0B43-4ADB-BD85-88A530B4EDD7}"
EndProject
Project("{FAE04EC0-301F-11D3-BF4B-00C04F79EFBC}") = "Q2Connect.Core.Tests", "Q2Connect.Core.Tests\Q2Connect.Core.Tests.csproj", "{F9B8FC59-709C-497F-BE22-35658DDCB641}"
EndProject
Global
	GlobalSection(SolutionConfigurationPlatforms) = preSolution
		Debug|Any CPU = Debug|Any CPU
		Release|Any CPU = Release|Any CPU
	EndGlobalSection
	GlobalSection(ProjectConfigurationPlatforms) = postSolution
		{A1B2C3D4-E5F6-4A5B-8C9D-0E1F2A3B4C5D}.Debug|Any CPU.ActiveCfg = Debug|Any CPU
		{A1B2C3D4-E5F6-4A5B-8C9D-0E1F2A3B4C5D}.Debug|Any CPU.Build.0 = Debug|Any CPU
		{A1B2C3D4-E5F6-4A5B-8C9D-0E1F2A3B4C5D}.Release|Any CPU.ActiveCfg = Release|Any CPU
		{A1B2C3D4-E5F6-4A5B-8C9D-0E1F2A3B4C5D}.Release|Any CPU.Build.0 = Release|Any CPU
		{B2C3D4E5-F6A7-4B5C-9D0E-1F2A3B4C5D6E}.Debug|Any CPU.ActiveCfg = Debug|Any CPU
		{B2C3D4E5-F6A7-4B5C-9D0E-1F2A3B4C5D6E}.Debug|Any CPU.Build.0 = Debug|Any CPU
		{B2C3D4E5-F6A7-4B5C-9D0E-1F2A3B4C5D6E}.Release|Any CPU.ActiveCfg = Release|Any CPU
		{B2C3D4E5-F6A7-4B5C-9D0E-1F2A3B4C5D6E}.Release|Any CPU.Build.0 = Release|Any CPU
		{F9B8FC59-709C-497F-BE22-35658DDCB641}.Debug|Any CPU.ActiveCfg = Debug|Any CPU
		{F9B8FC59-709C-497F-BE22-35658DDCB641}.Debug|Any CPU.Build.0 = Debug|Any CPU
		{F9B8FC59-709C-497F-BE22-35658DDCB641}.Release|Any CPU.ActiveCfg = Release|Any CPU
		{F9B8FC59-709C-497F-BE22-35658DDCB641}.Release|Any CPU.Build.0 = Release|Any CPU
	EndGlobalSection
	GlobalSection(NestedProjects) = preSolution
		{B2C3D4E5-F6A7-4B5C-9D0E-1F2A3B4C5D6E} = {F571D2C1-0B43-4ADB-BD85-88A530B4EDD7}
	EndGlobalSection
EndGlobal
